// !$*UTF8*$!
{
	archiveVersion = 1;
	classes = {
	};
	objectVersion = 46;
	objects = {

/* Begin PBXBuildFile section */
		0ED0C8471CF7853700A967AF /* libmyhtml.dylib in Frameworks */ = {isa = PBXBuildFile; fileRef = 0ED0C8461CF7853700A967AF /* libmyhtml.dylib */; };
		0EFCFD8B1D0A6BC000FD1C44 /* api.h in Headers */ = {isa = PBXBuildFile; fileRef = 0EFCFD741D0A6BC000FD1C44 /* api.h */; };
		0EFCFD8C1D0A6BC000FD1C44 /* mycss.c in Sources */ = {isa = PBXBuildFile; fileRef = 0EFCFD751D0A6BC000FD1C44 /* mycss.c */; };
		0EFCFD8D1D0A6BC000FD1C44 /* mycss.h in Headers */ = {isa = PBXBuildFile; fileRef = 0EFCFD761D0A6BC000FD1C44 /* mycss.h */; };
		0EFCFD8E1D0A6BC000FD1C44 /* parser.c in Sources */ = {isa = PBXBuildFile; fileRef = 0EFCFD771D0A6BC000FD1C44 /* parser.c */; };
		0EFCFD8F1D0A6BC000FD1C44 /* parser.h in Headers */ = {isa = PBXBuildFile; fileRef = 0EFCFD781D0A6BC000FD1C44 /* parser.h */; };
		0EFCFD901D0A6BC000FD1C44 /* result.c in Sources */ = {isa = PBXBuildFile; fileRef = 0EFCFD791D0A6BC000FD1C44 /* result.c */; };
		0EFCFD911D0A6BC000FD1C44 /* result.h in Headers */ = {isa = PBXBuildFile; fileRef = 0EFCFD7A1D0A6BC000FD1C44 /* result.h */; };
		0EFCFD921D0A6BC000FD1C44 /* tokenizer.c in Sources */ = {isa = PBXBuildFile; fileRef = 0EFCFD7B1D0A6BC000FD1C44 /* tokenizer.c */; };
		0EFCFD931D0A6BC000FD1C44 /* entry.c in Sources */ = {isa = PBXBuildFile; fileRef = 0EFCFD7C1D0A6BC000FD1C44 /* entry.c */; };
		0EFCFD941D0A6BC000FD1C44 /* entry.h in Headers */ = {isa = PBXBuildFile; fileRef = 0EFCFD7D1D0A6BC000FD1C44 /* entry.h */; };
		0EFCFD951D0A6BC000FD1C44 /* myosi.h in Headers */ = {isa = PBXBuildFile; fileRef = 0EFCFD7E1D0A6BC000FD1C44 /* myosi.h */; };
		0EFCFD961D0A6BC000FD1C44 /* tokenizer_global.c in Sources */ = {isa = PBXBuildFile; fileRef = 0EFCFD7F1D0A6BC000FD1C44 /* tokenizer_global.c */; };
		0EFCFD971D0A6BC000FD1C44 /* check.c in Sources */ = {isa = PBXBuildFile; fileRef = 0EFCFD801D0A6BC000FD1C44 /* check.c */; };
		0EFCFD981D0A6BC000FD1C44 /* check.h in Headers */ = {isa = PBXBuildFile; fileRef = 0EFCFD811D0A6BC000FD1C44 /* check.h */; };
		0EFCFD991D0A6BC000FD1C44 /* convert.c in Sources */ = {isa = PBXBuildFile; fileRef = 0EFCFD821D0A6BC000FD1C44 /* convert.c */; };
		0EFCFD9A1D0A6BC000FD1C44 /* convert.h in Headers */ = {isa = PBXBuildFile; fileRef = 0EFCFD831D0A6BC000FD1C44 /* convert.h */; };
		0EFCFD9B1D0A6BC000FD1C44 /* mystring.c in Sources */ = {isa = PBXBuildFile; fileRef = 0EFCFD841D0A6BC000FD1C44 /* mystring.c */; };
		0EFCFD9C1D0A6BC000FD1C44 /* mystring.h in Headers */ = {isa = PBXBuildFile; fileRef = 0EFCFD851D0A6BC000FD1C44 /* mystring.h */; };
		0EFCFD9D1D0A6BC000FD1C44 /* tokenizer_end.c in Sources */ = {isa = PBXBuildFile; fileRef = 0EFCFD861D0A6BC000FD1C44 /* tokenizer_end.c */; };
		0EFCFD9E1D0A6BC000FD1C44 /* tokenizer_end.h in Headers */ = {isa = PBXBuildFile; fileRef = 0EFCFD871D0A6BC000FD1C44 /* tokenizer_end.h */; };
		0EFCFD9F1D0A6BC000FD1C44 /* tokenizer_global.h in Headers */ = {isa = PBXBuildFile; fileRef = 0EFCFD881D0A6BC000FD1C44 /* tokenizer_global.h */; };
		0EFCFDA01D0A6BC000FD1C44 /* tokenizer_resource.h in Headers */ = {isa = PBXBuildFile; fileRef = 0EFCFD891D0A6BC000FD1C44 /* tokenizer_resource.h */; };
		0EFCFDA11D0A6BC000FD1C44 /* tokenizer.h in Headers */ = {isa = PBXBuildFile; fileRef = 0EFCFD8A1D0A6BC000FD1C44 /* tokenizer.h */; };
		0EFCFDEE1D0A6C1D00FD1C44 /* state.c in Sources */ = {isa = PBXBuildFile; fileRef = 0EFCFDE91D0A6C1D00FD1C44 /* state.c */; };
		0EFCFDEF1D0A6C1D00FD1C44 /* init.c in Sources */ = {isa = PBXBuildFile; fileRef = 0EFCFDEA1D0A6C1D00FD1C44 /* init.c */; };
		0EFCFDF01D0A6C1D00FD1C44 /* init.h in Headers */ = {isa = PBXBuildFile; fileRef = 0EFCFDEB1D0A6C1D00FD1C44 /* init.h */; };
		0EFCFDF11D0A6C1D00FD1C44 /* myosi.h in Headers */ = {isa = PBXBuildFile; fileRef = 0EFCFDEC1D0A6C1D00FD1C44 /* myosi.h */; };
		0EFCFDF21D0A6C1D00FD1C44 /* state.h in Headers */ = {isa = PBXBuildFile; fileRef = 0EFCFDED1D0A6C1D00FD1C44 /* state.h */; };
		0EFCFDFA1D0A6C2900FD1C44 /* parser.c in Sources */ = {isa = PBXBuildFile; fileRef = 0EFCFDF31D0A6C2900FD1C44 /* parser.c */; };
		0EFCFDFB1D0A6C2900FD1C44 /* state.c in Sources */ = {isa = PBXBuildFile; fileRef = 0EFCFDF41D0A6C2900FD1C44 /* state.c */; };
		0EFCFDFC1D0A6C2900FD1C44 /* init.c in Sources */ = {isa = PBXBuildFile; fileRef = 0EFCFDF51D0A6C2900FD1C44 /* init.c */; };
		0EFCFDFD1D0A6C2900FD1C44 /* init.h in Headers */ = {isa = PBXBuildFile; fileRef = 0EFCFDF61D0A6C2900FD1C44 /* init.h */; };
		0EFCFDFE1D0A6C2900FD1C44 /* parser.h in Headers */ = {isa = PBXBuildFile; fileRef = 0EFCFDF71D0A6C2900FD1C44 /* parser.h */; };
		0EFCFDFF1D0A6C2900FD1C44 /* myosi.h in Headers */ = {isa = PBXBuildFile; fileRef = 0EFCFDF81D0A6C2900FD1C44 /* myosi.h */; };
		0EFCFE001D0A6C2900FD1C44 /* state.h in Headers */ = {isa = PBXBuildFile; fileRef = 0EFCFDF91D0A6C2900FD1C44 /* state.h */; };
		0EFCFE061D0A6C3500FD1C44 /* init.c in Sources */ = {isa = PBXBuildFile; fileRef = 0EFCFE011D0A6C3500FD1C44 /* init.c */; };
		0EFCFE071D0A6C3500FD1C44 /* init.h in Headers */ = {isa = PBXBuildFile; fileRef = 0EFCFE021D0A6C3500FD1C44 /* init.h */; };
		0EFCFE081D0A6C3500FD1C44 /* myosi.h in Headers */ = {isa = PBXBuildFile; fileRef = 0EFCFE031D0A6C3500FD1C44 /* myosi.h */; };
		0EFCFE091D0A6C3500FD1C44 /* state.c in Sources */ = {isa = PBXBuildFile; fileRef = 0EFCFE041D0A6C3500FD1C44 /* state.c */; };
		0EFCFE0A1D0A6C3500FD1C44 /* state.h in Headers */ = {isa = PBXBuildFile; fileRef = 0EFCFE051D0A6C3500FD1C44 /* state.h */; };
		0EFCFE191D0A6C4200FD1C44 /* function.c in Sources */ = {isa = PBXBuildFile; fileRef = 0EFCFE0B1D0A6C4200FD1C44 /* function.c */; };
		0EFCFE1A1D0A6C4200FD1C44 /* function.h in Headers */ = {isa = PBXBuildFile; fileRef = 0EFCFE0C1D0A6C4200FD1C44 /* function.h */; };
		0EFCFE1B1D0A6C4200FD1C44 /* init.c in Sources */ = {isa = PBXBuildFile; fileRef = 0EFCFE0D1D0A6C4200FD1C44 /* init.c */; };
		0EFCFE1C1D0A6C4200FD1C44 /* init.h in Headers */ = {isa = PBXBuildFile; fileRef = 0EFCFE0E1D0A6C4200FD1C44 /* init.h */; };
		0EFCFE1D1D0A6C4200FD1C44 /* myosi.h in Headers */ = {isa = PBXBuildFile; fileRef = 0EFCFE0F1D0A6C4200FD1C44 /* myosi.h */; };
		0EFCFE1E1D0A6C4200FD1C44 /* parser.c in Sources */ = {isa = PBXBuildFile; fileRef = 0EFCFE101D0A6C4200FD1C44 /* parser.c */; };
		0EFCFE1F1D0A6C4200FD1C44 /* parser.h in Headers */ = {isa = PBXBuildFile; fileRef = 0EFCFE111D0A6C4200FD1C44 /* parser.h */; };
		0EFCFE201D0A6C4200FD1C44 /* state.c in Sources */ = {isa = PBXBuildFile; fileRef = 0EFCFE121D0A6C4200FD1C44 /* state.c */; };
		0EFCFE211D0A6C4200FD1C44 /* state.h in Headers */ = {isa = PBXBuildFile; fileRef = 0EFCFE131D0A6C4200FD1C44 /* state.h */; };
		0EFCFE221D0A6C4200FD1C44 /* function_resource.h in Headers */ = {isa = PBXBuildFile; fileRef = 0EFCFE141D0A6C4200FD1C44 /* function_resource.h */; };
		0EFCFE231D0A6C4200FD1C44 /* value_resource.h in Headers */ = {isa = PBXBuildFile; fileRef = 0EFCFE151D0A6C4200FD1C44 /* value_resource.h */; };
		0EFCFE241D0A6C4200FD1C44 /* value.c in Sources */ = {isa = PBXBuildFile; fileRef = 0EFCFE161D0A6C4200FD1C44 /* value.c */; };
		0EFCFE251D0A6C4200FD1C44 /* value.h in Headers */ = {isa = PBXBuildFile; fileRef = 0EFCFE171D0A6C4200FD1C44 /* value.h */; };
		0EFCFE261D0A6C4200FD1C44 /* myosi_resource.h in Headers */ = {isa = PBXBuildFile; fileRef = 0EFCFE181D0A6C4200FD1C44 /* myosi_resource.h */; };
/* End PBXBuildFile section */

/* Begin PBXFileReference section */
		0ED0C8071CF7843000A967AF /* libmycss.dylib */ = {isa = PBXFileReference; explicitFileType = "compiled.mach-o.dylib"; includeInIndex = 0; path = libmycss.dylib; sourceTree = BUILT_PRODUCTS_DIR; };
		0ED0C8461CF7853700A967AF /* libmyhtml.dylib */ = {isa = PBXFileReference; lastKnownFileType = "compiled.mach-o.dylib"; name = libmyhtml.dylib; path = ../../myhtml/projects/build/Debug/libmyhtml.dylib; sourceTree = "<group>"; };
		0EFCFD741D0A6BC000FD1C44 /* api.h */ = {isa = PBXFileReference; fileEncoding = 4; lastKnownFileType = sourcecode.c.h; name = api.h; path = ../source/mycss/api.h; sourceTree = "<group>"; };
		0EFCFD751D0A6BC000FD1C44 /* mycss.c */ = {isa = PBXFileReference; fileEncoding = 4; lastKnownFileType = sourcecode.c.c; name = mycss.c; path = ../source/mycss/mycss.c; sourceTree = "<group>"; };
		0EFCFD761D0A6BC000FD1C44 /* mycss.h */ = {isa = PBXFileReference; fileEncoding = 4; lastKnownFileType = sourcecode.c.h; name = mycss.h; path = ../source/mycss/mycss.h; sourceTree = "<group>"; };
		0EFCFD771D0A6BC000FD1C44 /* parser.c */ = {isa = PBXFileReference; fileEncoding = 4; lastKnownFileType = sourcecode.c.c; name = parser.c; path = ../source/mycss/parser.c; sourceTree = "<group>"; };
		0EFCFD781D0A6BC000FD1C44 /* parser.h */ = {isa = PBXFileReference; fileEncoding = 4; lastKnownFileType = sourcecode.c.h; name = parser.h; path = ../source/mycss/parser.h; sourceTree = "<group>"; };
		0EFCFD791D0A6BC000FD1C44 /* result.c */ = {isa = PBXFileReference; fileEncoding = 4; lastKnownFileType = sourcecode.c.c; name = result.c; path = ../source/mycss/result.c; sourceTree = "<group>"; };
		0EFCFD7A1D0A6BC000FD1C44 /* result.h */ = {isa = PBXFileReference; fileEncoding = 4; lastKnownFileType = sourcecode.c.h; name = result.h; path = ../source/mycss/result.h; sourceTree = "<group>"; };
		0EFCFD7B1D0A6BC000FD1C44 /* tokenizer.c */ = {isa = PBXFileReference; fileEncoding = 4; lastKnownFileType = sourcecode.c.c; name = tokenizer.c; path = ../source/mycss/tokenizer.c; sourceTree = "<group>"; };
		0EFCFD7C1D0A6BC000FD1C44 /* entry.c */ = {isa = PBXFileReference; fileEncoding = 4; lastKnownFileType = sourcecode.c.c; name = entry.c; path = ../source/mycss/entry.c; sourceTree = "<group>"; };
		0EFCFD7D1D0A6BC000FD1C44 /* entry.h */ = {isa = PBXFileReference; fileEncoding = 4; lastKnownFileType = sourcecode.c.h; name = entry.h; path = ../source/mycss/entry.h; sourceTree = "<group>"; };
		0EFCFD7E1D0A6BC000FD1C44 /* myosi.h */ = {isa = PBXFileReference; fileEncoding = 4; lastKnownFileType = sourcecode.c.h; name = myosi.h; path = ../source/mycss/myosi.h; sourceTree = "<group>"; };
		0EFCFD7F1D0A6BC000FD1C44 /* tokenizer_global.c */ = {isa = PBXFileReference; fileEncoding = 4; lastKnownFileType = sourcecode.c.c; name = tokenizer_global.c; path = ../source/mycss/tokenizer_global.c; sourceTree = "<group>"; };
		0EFCFD801D0A6BC000FD1C44 /* check.c */ = {isa = PBXFileReference; fileEncoding = 4; lastKnownFileType = sourcecode.c.c; name = check.c; path = ../source/mycss/check.c; sourceTree = "<group>"; };
		0EFCFD811D0A6BC000FD1C44 /* check.h */ = {isa = PBXFileReference; fileEncoding = 4; lastKnownFileType = sourcecode.c.h; name = check.h; path = ../source/mycss/check.h; sourceTree = "<group>"; };
		0EFCFD821D0A6BC000FD1C44 /* convert.c */ = {isa = PBXFileReference; fileEncoding = 4; lastKnownFileType = sourcecode.c.c; name = convert.c; path = ../source/mycss/convert.c; sourceTree = "<group>"; };
		0EFCFD831D0A6BC000FD1C44 /* convert.h */ = {isa = PBXFileReference; fileEncoding = 4; lastKnownFileType = sourcecode.c.h; name = convert.h; path = ../source/mycss/convert.h; sourceTree = "<group>"; };
		0EFCFD841D0A6BC000FD1C44 /* mystring.c */ = {isa = PBXFileReference; fileEncoding = 4; lastKnownFileType = sourcecode.c.c; name = mystring.c; path = ../source/mycss/mystring.c; sourceTree = "<group>"; };
		0EFCFD851D0A6BC000FD1C44 /* mystring.h */ = {isa = PBXFileReference; fileEncoding = 4; lastKnownFileType = sourcecode.c.h; name = mystring.h; path = ../source/mycss/mystring.h; sourceTree = "<group>"; };
		0EFCFD861D0A6BC000FD1C44 /* tokenizer_end.c */ = {isa = PBXFileReference; fileEncoding = 4; lastKnownFileType = sourcecode.c.c; name = tokenizer_end.c; path = ../source/mycss/tokenizer_end.c; sourceTree = "<group>"; };
		0EFCFD871D0A6BC000FD1C44 /* tokenizer_end.h */ = {isa = PBXFileReference; fileEncoding = 4; lastKnownFileType = sourcecode.c.h; name = tokenizer_end.h; path = ../source/mycss/tokenizer_end.h; sourceTree = "<group>"; };
		0EFCFD881D0A6BC000FD1C44 /* tokenizer_global.h */ = {isa = PBXFileReference; fileEncoding = 4; lastKnownFileType = sourcecode.c.h; name = tokenizer_global.h; path = ../source/mycss/tokenizer_global.h; sourceTree = "<group>"; };
		0EFCFD891D0A6BC000FD1C44 /* tokenizer_resource.h */ = {isa = PBXFileReference; fileEncoding = 4; lastKnownFileType = sourcecode.c.h; name = tokenizer_resource.h; path = ../source/mycss/tokenizer_resource.h; sourceTree = "<group>"; };
		0EFCFD8A1D0A6BC000FD1C44 /* tokenizer.h */ = {isa = PBXFileReference; fileEncoding = 4; lastKnownFileType = sourcecode.c.h; name = tokenizer.h; path = ../source/mycss/tokenizer.h; sourceTree = "<group>"; };
		0EFCFDE91D0A6C1D00FD1C44 /* state.c */ = {isa = PBXFileReference; fileEncoding = 4; lastKnownFileType = sourcecode.c.c; name = state.c; path = ../source/mycss/rules/state.c; sourceTree = "<group>"; };
		0EFCFDEA1D0A6C1D00FD1C44 /* init.c */ = {isa = PBXFileReference; fileEncoding = 4; lastKnownFileType = sourcecode.c.c; name = init.c; path = ../source/mycss/rules/init.c; sourceTree = "<group>"; };
		0EFCFDEB1D0A6C1D00FD1C44 /* init.h */ = {isa = PBXFileReference; fileEncoding = 4; lastKnownFileType = sourcecode.c.h; name = init.h; path = ../source/mycss/rules/init.h; sourceTree = "<group>"; };
		0EFCFDEC1D0A6C1D00FD1C44 /* myosi.h */ = {isa = PBXFileReference; fileEncoding = 4; lastKnownFileType = sourcecode.c.h; name = myosi.h; path = ../source/mycss/rules/myosi.h; sourceTree = "<group>"; };
		0EFCFDED1D0A6C1D00FD1C44 /* state.h */ = {isa = PBXFileReference; fileEncoding = 4; lastKnownFileType = sourcecode.c.h; name = state.h; path = ../source/mycss/rules/state.h; sourceTree = "<group>"; };
		0EFCFDF31D0A6C2900FD1C44 /* parser.c */ = {isa = PBXFileReference; fileEncoding = 4; lastKnownFileType = sourcecode.c.c; name = parser.c; path = ../source/mycss/namespace/parser.c; sourceTree = "<group>"; };
		0EFCFDF41D0A6C2900FD1C44 /* state.c */ = {isa = PBXFileReference; fileEncoding = 4; lastKnownFileType = sourcecode.c.c; name = state.c; path = ../source/mycss/namespace/state.c; sourceTree = "<group>"; };
		0EFCFDF51D0A6C2900FD1C44 /* init.c */ = {isa = PBXFileReference; fileEncoding = 4; lastKnownFileType = sourcecode.c.c; name = init.c; path = ../source/mycss/namespace/init.c; sourceTree = "<group>"; };
		0EFCFDF61D0A6C2900FD1C44 /* init.h */ = {isa = PBXFileReference; fileEncoding = 4; lastKnownFileType = sourcecode.c.h; name = init.h; path = ../source/mycss/namespace/init.h; sourceTree = "<group>"; };
		0EFCFDF71D0A6C2900FD1C44 /* parser.h */ = {isa = PBXFileReference; fileEncoding = 4; lastKnownFileType = sourcecode.c.h; name = parser.h; path = ../source/mycss/namespace/parser.h; sourceTree = "<group>"; };
		0EFCFDF81D0A6C2900FD1C44 /* myosi.h */ = {isa = PBXFileReference; fileEncoding = 4; lastKnownFileType = sourcecode.c.h; name = myosi.h; path = ../source/mycss/namespace/myosi.h; sourceTree = "<group>"; };
		0EFCFDF91D0A6C2900FD1C44 /* state.h */ = {isa = PBXFileReference; fileEncoding = 4; lastKnownFileType = sourcecode.c.h; name = state.h; path = ../source/mycss/namespace/state.h; sourceTree = "<group>"; };
		0EFCFE011D0A6C3500FD1C44 /* init.c */ = {isa = PBXFileReference; fileEncoding = 4; lastKnownFileType = sourcecode.c.c; name = init.c; path = ../source/mycss/media/init.c; sourceTree = "<group>"; };
		0EFCFE021D0A6C3500FD1C44 /* init.h */ = {isa = PBXFileReference; fileEncoding = 4; lastKnownFileType = sourcecode.c.h; name = init.h; path = ../source/mycss/media/init.h; sourceTree = "<group>"; };
		0EFCFE031D0A6C3500FD1C44 /* myosi.h */ = {isa = PBXFileReference; fileEncoding = 4; lastKnownFileType = sourcecode.c.h; name = myosi.h; path = ../source/mycss/media/myosi.h; sourceTree = "<group>"; };
		0EFCFE041D0A6C3500FD1C44 /* state.c */ = {isa = PBXFileReference; fileEncoding = 4; lastKnownFileType = sourcecode.c.c; name = state.c; path = ../source/mycss/media/state.c; sourceTree = "<group>"; };
		0EFCFE051D0A6C3500FD1C44 /* state.h */ = {isa = PBXFileReference; fileEncoding = 4; lastKnownFileType = sourcecode.c.h; name = state.h; path = ../source/mycss/media/state.h; sourceTree = "<group>"; };
		0EFCFE0B1D0A6C4200FD1C44 /* function.c */ = {isa = PBXFileReference; fileEncoding = 4; lastKnownFileType = sourcecode.c.c; name = function.c; path = ../source/mycss/selectors/function.c; sourceTree = "<group>"; };
		0EFCFE0C1D0A6C4200FD1C44 /* function.h */ = {isa = PBXFileReference; fileEncoding = 4; lastKnownFileType = sourcecode.c.h; name = function.h; path = ../source/mycss/selectors/function.h; sourceTree = "<group>"; };
		0EFCFE0D1D0A6C4200FD1C44 /* init.c */ = {isa = PBXFileReference; fileEncoding = 4; lastKnownFileType = sourcecode.c.c; name = init.c; path = ../source/mycss/selectors/init.c; sourceTree = "<group>"; };
		0EFCFE0E1D0A6C4200FD1C44 /* init.h */ = {isa = PBXFileReference; fileEncoding = 4; lastKnownFileType = sourcecode.c.h; name = init.h; path = ../source/mycss/selectors/init.h; sourceTree = "<group>"; };
		0EFCFE0F1D0A6C4200FD1C44 /* myosi.h */ = {isa = PBXFileReference; fileEncoding = 4; lastKnownFileType = sourcecode.c.h; name = myosi.h; path = ../source/mycss/selectors/myosi.h; sourceTree = "<group>"; };
		0EFCFE101D0A6C4200FD1C44 /* parser.c */ = {isa = PBXFileReference; fileEncoding = 4; lastKnownFileType = sourcecode.c.c; name = parser.c; path = ../source/mycss/selectors/parser.c; sourceTree = "<group>"; };
		0EFCFE111D0A6C4200FD1C44 /* parser.h */ = {isa = PBXFileReference; fileEncoding = 4; lastKnownFileType = sourcecode.c.h; name = parser.h; path = ../source/mycss/selectors/parser.h; sourceTree = "<group>"; };
		0EFCFE121D0A6C4200FD1C44 /* state.c */ = {isa = PBXFileReference; fileEncoding = 4; lastKnownFileType = sourcecode.c.c; name = state.c; path = ../source/mycss/selectors/state.c; sourceTree = "<group>"; };
		0EFCFE131D0A6C4200FD1C44 /* state.h */ = {isa = PBXFileReference; fileEncoding = 4; lastKnownFileType = sourcecode.c.h; name = state.h; path = ../source/mycss/selectors/state.h; sourceTree = "<group>"; };
		0EFCFE141D0A6C4200FD1C44 /* function_resource.h */ = {isa = PBXFileReference; fileEncoding = 4; lastKnownFileType = sourcecode.c.h; name = function_resource.h; path = ../source/mycss/selectors/function_resource.h; sourceTree = "<group>"; };
		0EFCFE151D0A6C4200FD1C44 /* value_resource.h */ = {isa = PBXFileReference; fileEncoding = 4; lastKnownFileType = sourcecode.c.h; name = value_resource.h; path = ../source/mycss/selectors/value_resource.h; sourceTree = "<group>"; };
		0EFCFE161D0A6C4200FD1C44 /* value.c */ = {isa = PBXFileReference; fileEncoding = 4; lastKnownFileType = sourcecode.c.c; name = value.c; path = ../source/mycss/selectors/value.c; sourceTree = "<group>"; };
		0EFCFE171D0A6C4200FD1C44 /* value.h */ = {isa = PBXFileReference; fileEncoding = 4; lastKnownFileType = sourcecode.c.h; name = value.h; path = ../source/mycss/selectors/value.h; sourceTree = "<group>"; };
		0EFCFE181D0A6C4200FD1C44 /* myosi_resource.h */ = {isa = PBXFileReference; fileEncoding = 4; lastKnownFileType = sourcecode.c.h; name = myosi_resource.h; path = ../source/mycss/selectors/myosi_resource.h; sourceTree = "<group>"; };
/* End PBXFileReference section */

/* Begin PBXFrameworksBuildPhase section */
		0ED0C8041CF7843000A967AF /* Frameworks */ = {
			isa = PBXFrameworksBuildPhase;
			buildActionMask = 2147483647;
			files = (
				0ED0C8471CF7853700A967AF /* libmyhtml.dylib in Frameworks */,
			);
			runOnlyForDeploymentPostprocessing = 0;
		};
/* End PBXFrameworksBuildPhase section */

/* Begin PBXGroup section */
		0ED0C7FE1CF7843000A967AF = {
			isa = PBXGroup;
			children = (
				0ED0C8461CF7853700A967AF /* libmyhtml.dylib */,
				0ED0C80E1CF7843F00A967AF /* mycss */,
				0ED0C8081CF7843000A967AF /* Products */,
			);
			sourceTree = "<group>";
		};
		0ED0C8081CF7843000A967AF /* Products */ = {
			isa = PBXGroup;
			children = (
				0ED0C8071CF7843000A967AF /* libmycss.dylib */,
			);
			name = Products;
			sourceTree = "<group>";
		};
		0ED0C80E1CF7843F00A967AF /* mycss */ = {
			isa = PBXGroup;
			children = (
				0EFCFD7E1D0A6BC000FD1C44 /* myosi.h */,
				0EFCFD741D0A6BC000FD1C44 /* api.h */,
				0EFCFD751D0A6BC000FD1C44 /* mycss.c */,
				0EFCFD761D0A6BC000FD1C44 /* mycss.h */,
				0EFCFD771D0A6BC000FD1C44 /* parser.c */,
				0EFCFD781D0A6BC000FD1C44 /* parser.h */,
				0EFCFD791D0A6BC000FD1C44 /* result.c */,
				0EFCFD7A1D0A6BC000FD1C44 /* result.h */,
				0EFCFD7B1D0A6BC000FD1C44 /* tokenizer.c */,
				0EFCFD7C1D0A6BC000FD1C44 /* entry.c */,
				0EFCFD7D1D0A6BC000FD1C44 /* entry.h */,
				0EFCFD7F1D0A6BC000FD1C44 /* tokenizer_global.c */,
				0EFCFD801D0A6BC000FD1C44 /* check.c */,
				0EFCFD811D0A6BC000FD1C44 /* check.h */,
				0EFCFD821D0A6BC000FD1C44 /* convert.c */,
				0EFCFD831D0A6BC000FD1C44 /* convert.h */,
				0EFCFD841D0A6BC000FD1C44 /* mystring.c */,
				0EFCFD851D0A6BC000FD1C44 /* mystring.h */,
				0EFCFD861D0A6BC000FD1C44 /* tokenizer_end.c */,
				0EFCFD871D0A6BC000FD1C44 /* tokenizer_end.h */,
				0EFCFD881D0A6BC000FD1C44 /* tokenizer_global.h */,
				0EFCFD891D0A6BC000FD1C44 /* tokenizer_resource.h */,
				0EFCFD8A1D0A6BC000FD1C44 /* tokenizer.h */,
				0EFCFDE41D0A6BF600FD1C44 /* selectors */,
				0EFCFDE61D0A6C0500FD1C44 /* media */,
				0EFCFDE71D0A6C0A00FD1C44 /* namespace */,
				0EFCFDE81D0A6C0F00FD1C44 /* rules */,
			);
			name = mycss;
			sourceTree = "<group>";
		};
		0EFCFDE41D0A6BF600FD1C44 /* selectors */ = {
			isa = PBXGroup;
			children = (
				0EFCFE0B1D0A6C4200FD1C44 /* function.c */,
				0EFCFE0C1D0A6C4200FD1C44 /* function.h */,
				0EFCFE0D1D0A6C4200FD1C44 /* init.c */,
				0EFCFE0E1D0A6C4200FD1C44 /* init.h */,
				0EFCFE0F1D0A6C4200FD1C44 /* myosi.h */,
				0EFCFE101D0A6C4200FD1C44 /* parser.c */,
				0EFCFE111D0A6C4200FD1C44 /* parser.h */,
				0EFCFE121D0A6C4200FD1C44 /* state.c */,
				0EFCFE131D0A6C4200FD1C44 /* state.h */,
				0EFCFE141D0A6C4200FD1C44 /* function_resource.h */,
				0EFCFE151D0A6C4200FD1C44 /* value_resource.h */,
				0EFCFE161D0A6C4200FD1C44 /* value.c */,
				0EFCFE171D0A6C4200FD1C44 /* value.h */,
				0EFCFE181D0A6C4200FD1C44 /* myosi_resource.h */,
			);
			name = selectors;
			sourceTree = "<group>";
		};
		0EFCFDE61D0A6C0500FD1C44 /* media */ = {
			isa = PBXGroup;
			children = (
				0EFCFE011D0A6C3500FD1C44 /* init.c */,
				0EFCFE021D0A6C3500FD1C44 /* init.h */,
				0EFCFE031D0A6C3500FD1C44 /* myosi.h */,
				0EFCFE041D0A6C3500FD1C44 /* state.c */,
				0EFCFE051D0A6C3500FD1C44 /* state.h */,
			);
			name = media;
			sourceTree = "<group>";
		};
		0EFCFDE71D0A6C0A00FD1C44 /* namespace */ = {
			isa = PBXGroup;
			children = (
				0EFCFDF31D0A6C2900FD1C44 /* parser.c */,
				0EFCFDF41D0A6C2900FD1C44 /* state.c */,
				0EFCFDF51D0A6C2900FD1C44 /* init.c */,
				0EFCFDF61D0A6C2900FD1C44 /* init.h */,
				0EFCFDF71D0A6C2900FD1C44 /* parser.h */,
				0EFCFDF81D0A6C2900FD1C44 /* myosi.h */,
				0EFCFDF91D0A6C2900FD1C44 /* state.h */,
			);
			name = namespace;
			sourceTree = "<group>";
		};
		0EFCFDE81D0A6C0F00FD1C44 /* rules */ = {
			isa = PBXGroup;
			children = (
				0EFCFDE91D0A6C1D00FD1C44 /* state.c */,
				0EFCFDEA1D0A6C1D00FD1C44 /* init.c */,
				0EFCFDEB1D0A6C1D00FD1C44 /* init.h */,
				0EFCFDEC1D0A6C1D00FD1C44 /* myosi.h */,
				0EFCFDED1D0A6C1D00FD1C44 /* state.h */,
			);
			name = rules;
			sourceTree = "<group>";
		};
/* End PBXGroup section */

/* Begin PBXHeadersBuildPhase section */
		0ED0C8051CF7843000A967AF /* Headers */ = {
			isa = PBXHeadersBuildPhase;
			buildActionMask = 2147483647;
			files = (
				0EFCFE221D0A6C4200FD1C44 /* function_resource.h in Headers */,
				0EFCFE1C1D0A6C4200FD1C44 /* init.h in Headers */,
				0EFCFDF11D0A6C1D00FD1C44 /* myosi.h in Headers */,
				0EFCFE1F1D0A6C4200FD1C44 /* parser.h in Headers */,
				0EFCFE071D0A6C3500FD1C44 /* init.h in Headers */,
				0EFCFE0A1D0A6C3500FD1C44 /* state.h in Headers */,
				0EFCFE231D0A6C4200FD1C44 /* value_resource.h in Headers */,
				0EFCFE1D1D0A6C4200FD1C44 /* myosi.h in Headers */,
				0EFCFD981D0A6BC000FD1C44 /* check.h in Headers */,
				0EFCFD8D1D0A6BC000FD1C44 /* mycss.h in Headers */,
				0EFCFDFF1D0A6C2900FD1C44 /* myosi.h in Headers */,
				0EFCFDA01D0A6BC000FD1C44 /* tokenizer_resource.h in Headers */,
				0EFCFDFD1D0A6C2900FD1C44 /* init.h in Headers */,
				0EFCFD9A1D0A6BC000FD1C44 /* convert.h in Headers */,
				0EFCFD911D0A6BC000FD1C44 /* result.h in Headers */,
				0EFCFD8B1D0A6BC000FD1C44 /* api.h in Headers */,
				0EFCFD9F1D0A6BC000FD1C44 /* tokenizer_global.h in Headers */,
				0EFCFD9C1D0A6BC000FD1C44 /* mystring.h in Headers */,
				0EFCFDF01D0A6C1D00FD1C44 /* init.h in Headers */,
				0EFCFDFE1D0A6C2900FD1C44 /* parser.h in Headers */,
				0EFCFD8F1D0A6BC000FD1C44 /* parser.h in Headers */,
				0EFCFD951D0A6BC000FD1C44 /* myosi.h in Headers */,
				0EFCFE081D0A6C3500FD1C44 /* myosi.h in Headers */,
				0EFCFDA11D0A6BC000FD1C44 /* tokenizer.h in Headers */,
				0EFCFE211D0A6C4200FD1C44 /* state.h in Headers */,
				0EFCFE251D0A6C4200FD1C44 /* value.h in Headers */,
				0EFCFD9E1D0A6BC000FD1C44 /* tokenizer_end.h in Headers */,
				0EFCFDF21D0A6C1D00FD1C44 /* state.h in Headers */,
				0EFCFE001D0A6C2900FD1C44 /* state.h in Headers */,
				0EFCFE1A1D0A6C4200FD1C44 /* function.h in Headers */,
				0EFCFE261D0A6C4200FD1C44 /* myosi_resource.h in Headers */,
				0EFCFD941D0A6BC000FD1C44 /* entry.h in Headers */,
			);
			runOnlyForDeploymentPostprocessing = 0;
		};
/* End PBXHeadersBuildPhase section */

/* Begin PBXNativeTarget section */
		0ED0C8061CF7843000A967AF /* mycss */ = {
			isa = PBXNativeTarget;
			buildConfigurationList = 0ED0C80B1CF7843000A967AF /* Build configuration list for PBXNativeTarget "mycss" */;
			buildPhases = (
				0ED0C8031CF7843000A967AF /* Sources */,
				0ED0C8041CF7843000A967AF /* Frameworks */,
				0ED0C8051CF7843000A967AF /* Headers */,
			);
			buildRules = (
			);
			dependencies = (
			);
			name = mycss;
			productName = mycss;
			productReference = 0ED0C8071CF7843000A967AF /* libmycss.dylib */;
			productType = "com.apple.product-type.library.dynamic";
		};
/* End PBXNativeTarget section */

/* Begin PBXProject section */
		0ED0C7FF1CF7843000A967AF /* Project object */ = {
			isa = PBXProject;
			attributes = {
				LastUpgradeCheck = 0730;
				ORGANIZATIONNAME = "Alexander Borisov";
				TargetAttributes = {
					0ED0C8061CF7843000A967AF = {
						CreatedOnToolsVersion = 7.3.1;
					};
				};
			};
			buildConfigurationList = 0ED0C8021CF7843000A967AF /* Build configuration list for PBXProject "mycss" */;
			compatibilityVersion = "Xcode 3.2";
			developmentRegion = English;
			hasScannedForEncodings = 0;
			knownRegions = (
				en,
			);
			mainGroup = 0ED0C7FE1CF7843000A967AF;
			productRefGroup = 0ED0C8081CF7843000A967AF /* Products */;
			projectDirPath = "";
			projectRoot = "";
			targets = (
				0ED0C8061CF7843000A967AF /* mycss */,
			);
		};
/* End PBXProject section */

/* Begin PBXSourcesBuildPhase section */
		0ED0C8031CF7843000A967AF /* Sources */ = {
			isa = PBXSourcesBuildPhase;
			buildActionMask = 2147483647;
			files = (
				0EFCFE201D0A6C4200FD1C44 /* state.c in Sources */,
				0EFCFDFC1D0A6C2900FD1C44 /* init.c in Sources */,
				0EFCFDFA1D0A6C2900FD1C44 /* parser.c in Sources */,
				0EFCFD8C1D0A6BC000FD1C44 /* mycss.c in Sources */,
				0EFCFDEE1D0A6C1D00FD1C44 /* state.c in Sources */,
				0EFCFD9D1D0A6BC000FD1C44 /* tokenizer_end.c in Sources */,
				0EFCFDEF1D0A6C1D00FD1C44 /* init.c in Sources */,
				0EFCFD901D0A6BC000FD1C44 /* result.c in Sources */,
				0EFCFD971D0A6BC000FD1C44 /* check.c in Sources */,
				0EFCFDFB1D0A6C2900FD1C44 /* state.c in Sources */,
				0EFCFD921D0A6BC000FD1C44 /* tokenizer.c in Sources */,
				0EFCFD8E1D0A6BC000FD1C44 /* parser.c in Sources */,
				0EFCFE061D0A6C3500FD1C44 /* init.c in Sources */,
				0EFCFE1B1D0A6C4200FD1C44 /* init.c in Sources */,
				0EFCFD931D0A6BC000FD1C44 /* entry.c in Sources */,
				0EFCFD9B1D0A6BC000FD1C44 /* mystring.c in Sources */,
				0EFCFD991D0A6BC000FD1C44 /* convert.c in Sources */,
				0EFCFE241D0A6C4200FD1C44 /* value.c in Sources */,
				0EFCFE191D0A6C4200FD1C44 /* function.c in Sources */,
				0EFCFE091D0A6C3500FD1C44 /* state.c in Sources */,
				0EFCFE1E1D0A6C4200FD1C44 /* parser.c in Sources */,
				0EFCFD961D0A6BC000FD1C44 /* tokenizer_global.c in Sources */,
			);
			runOnlyForDeploymentPostprocessing = 0;
		};
/* End PBXSourcesBuildPhase section */

/* Begin XCBuildConfiguration section */
		0ED0C8091CF7843000A967AF /* Debug */ = {
			isa = XCBuildConfiguration;
			buildSettings = {
				ALWAYS_SEARCH_USER_PATHS = NO;
				CLANG_ANALYZER_NONNULL = YES;
				CLANG_CXX_LANGUAGE_STANDARD = "gnu++0x";
				CLANG_CXX_LIBRARY = "libc++";
				CLANG_ENABLE_MODULES = YES;
				CLANG_ENABLE_OBJC_ARC = YES;
				CLANG_WARN_BOOL_CONVERSION = YES;
				CLANG_WARN_CONSTANT_CONVERSION = YES;
				CLANG_WARN_DIRECT_OBJC_ISA_USAGE = YES_ERROR;
				CLANG_WARN_EMPTY_BODY = YES;
				CLANG_WARN_ENUM_CONVERSION = YES;
				CLANG_WARN_INT_CONVERSION = YES;
				CLANG_WARN_OBJC_ROOT_CLASS = YES_ERROR;
				CLANG_WARN_UNREACHABLE_CODE = YES;
				CLANG_WARN__DUPLICATE_METHOD_MATCH = YES;
				CODE_SIGN_IDENTITY = "-";
				COPY_PHASE_STRIP = NO;
				DEBUG_INFORMATION_FORMAT = dwarf;
				ENABLE_STRICT_OBJC_MSGSEND = YES;
				ENABLE_TESTABILITY = YES;
				GCC_C_LANGUAGE_STANDARD = gnu99;
				GCC_DYNAMIC_NO_PIC = NO;
				GCC_NO_COMMON_BLOCKS = YES;
				GCC_OPTIMIZATION_LEVEL = 0;
				GCC_PREPROCESSOR_DEFINITIONS = (
					"DEBUG=1",
					"$(inherited)",
				);
				GCC_WARN_64_TO_32_BIT_CONVERSION = YES;
				GCC_WARN_ABOUT_RETURN_TYPE = YES_ERROR;
				GCC_WARN_UNDECLARED_SELECTOR = YES;
				GCC_WARN_UNINITIALIZED_AUTOS = YES_AGGRESSIVE;
				GCC_WARN_UNUSED_FUNCTION = YES;
				GCC_WARN_UNUSED_VARIABLE = YES;
				MACOSX_DEPLOYMENT_TARGET = 10.11;
				MTL_ENABLE_DEBUG_INFO = YES;
				ONLY_ACTIVE_ARCH = YES;
				SDKROOT = macosx;
			};
			name = Debug;
		};
		0ED0C80A1CF7843000A967AF /* Release */ = {
			isa = XCBuildConfiguration;
			buildSettings = {
				ALWAYS_SEARCH_USER_PATHS = NO;
				CLANG_ANALYZER_NONNULL = YES;
				CLANG_CXX_LANGUAGE_STANDARD = "gnu++0x";
				CLANG_CXX_LIBRARY = "libc++";
				CLANG_ENABLE_MODULES = YES;
				CLANG_ENABLE_OBJC_ARC = YES;
				CLANG_WARN_BOOL_CONVERSION = YES;
				CLANG_WARN_CONSTANT_CONVERSION = YES;
				CLANG_WARN_DIRECT_OBJC_ISA_USAGE = YES_ERROR;
				CLANG_WARN_EMPTY_BODY = YES;
				CLANG_WARN_ENUM_CONVERSION = YES;
				CLANG_WARN_INT_CONVERSION = YES;
				CLANG_WARN_OBJC_ROOT_CLASS = YES_ERROR;
				CLANG_WARN_UNREACHABLE_CODE = YES;
				CLANG_WARN__DUPLICATE_METHOD_MATCH = YES;
				CODE_SIGN_IDENTITY = "-";
				COPY_PHASE_STRIP = NO;
				DEBUG_INFORMATION_FORMAT = "dwarf-with-dsym";
				ENABLE_NS_ASSERTIONS = NO;
				ENABLE_STRICT_OBJC_MSGSEND = YES;
				GCC_C_LANGUAGE_STANDARD = gnu99;
				GCC_NO_COMMON_BLOCKS = YES;
				GCC_WARN_64_TO_32_BIT_CONVERSION = YES;
				GCC_WARN_ABOUT_RETURN_TYPE = YES_ERROR;
				GCC_WARN_UNDECLARED_SELECTOR = YES;
				GCC_WARN_UNINITIALIZED_AUTOS = YES_AGGRESSIVE;
				GCC_WARN_UNUSED_FUNCTION = YES;
				GCC_WARN_UNUSED_VARIABLE = YES;
				MACOSX_DEPLOYMENT_TARGET = 10.11;
				MTL_ENABLE_DEBUG_INFO = NO;
				SDKROOT = macosx;
			};
			name = Release;
		};
		0ED0C80C1CF7843000A967AF /* Debug */ = {
			isa = XCBuildConfiguration;
			buildSettings = {
				DYLIB_COMPATIBILITY_VERSION = 1;
				DYLIB_CURRENT_VERSION = 1;
				EXECUTABLE_PREFIX = lib;
				HEADER_SEARCH_PATHS = ../source;
				PRODUCT_NAME = "$(TARGET_NAME)";
			};
			name = Debug;
		};
		0ED0C80D1CF7843000A967AF /* Release */ = {
			isa = XCBuildConfiguration;
			buildSettings = {
				DYLIB_COMPATIBILITY_VERSION = 1;
				DYLIB_CURRENT_VERSION = 1;
				EXECUTABLE_PREFIX = lib;
				HEADER_SEARCH_PATHS = ../source;
				PRODUCT_NAME = "$(TARGET_NAME)";
			};
			name = Release;
		};
/* End XCBuildConfiguration section */

/* Begin XCConfigurationList section */
		0ED0C8021CF7843000A967AF /* Build configuration list for PBXProject "mycss" */ = {
			isa = XCConfigurationList;
			buildConfigurations = (
				0ED0C8091CF7843000A967AF /* Debug */,
				0ED0C80A1CF7843000A967AF /* Release */,
			);
			defaultConfigurationIsVisible = 0;
			defaultConfigurationName = Release;
		};
		0ED0C80B1CF7843000A967AF /* Build configuration list for PBXNativeTarget "mycss" */ = {
			isa = XCConfigurationList;
			buildConfigurations = (
				0ED0C80C1CF7843000A967AF /* Debug */,
				0ED0C80D1CF7843000A967AF /* Release */,
			);
			defaultConfigurationIsVisible = 0;
			defaultConfigurationName = Release;
		};
/* End XCConfigurationList section */
	};
	rootObject = 0ED0C7FF1CF7843000A967AF /* Project object */;
}
