// !$*UTF8*$!
{
	archiveVersion = 1;
	classes = {
	};
	objectVersion = 46;
	objects = {

/* Begin PBXBuildFile section */
		0E068D301CDBC71F0062DC68 /* mystring.c in Sources */ = {isa = PBXBuildFile; fileRef = 0E068D2E1CDBC71F0062DC68 /* mystring.c */; };
		0E13BA1F1CE4F32400D7FC06 /* convert.c in Sources */ = {isa = PBXBuildFile; fileRef = 0E13BA1D1CE4F32400D7FC06 /* convert.c */; };
		0E8458A11CD9377400246CFD /* main.c in Sources */ = {isa = PBXBuildFile; fileRef = 0E8458A01CD9377400246CFD /* main.c */; };
		0E8458B91CD937C200246CFD /* check.c in Sources */ = {isa = PBXBuildFile; fileRef = 0E8458A81CD937C200246CFD /* check.c */; };
		0E8458BA1CD937C200246CFD /* entry.c in Sources */ = {isa = PBXBuildFile; fileRef = 0E8458AA1CD937C200246CFD /* entry.c */; };
		0E8458BC1CD937C200246CFD /* mycss.c in Sources */ = {isa = PBXBuildFile; fileRef = 0E8458AD1CD937C200246CFD /* mycss.c */; };
		0E8458BD1CD937C200246CFD /* parser.c in Sources */ = {isa = PBXBuildFile; fileRef = 0E8458B01CD937C200246CFD /* parser.c */; };
		0E8458BE1CD937C200246CFD /* tokenizer.c in Sources */ = {isa = PBXBuildFile; fileRef = 0E8458B21CD937C200246CFD /* tokenizer.c */; };
		0E8458BF1CD937C200246CFD /* tokenizer_end.c in Sources */ = {isa = PBXBuildFile; fileRef = 0E8458B41CD937C200246CFD /* tokenizer_end.c */; };
		0E8458C01CD937C200246CFD /* tokenizer_global.c in Sources */ = {isa = PBXBuildFile; fileRef = 0E8458B61CD937C200246CFD /* tokenizer_global.c */; };
		0EBEF8F81CF5B0F600A70AD1 /* parser.c in Sources */ = {isa = PBXBuildFile; fileRef = 0EBEF8F61CF5B0F600A70AD1 /* parser.c */; };
		0EBEF8FB1CF5B1D100A70AD1 /* state.c in Sources */ = {isa = PBXBuildFile; fileRef = 0EBEF8F91CF5B1D100A70AD1 /* state.c */; };
		0EBEF8FF1CF5B74600A70AD1 /* selectors.c in Sources */ = {isa = PBXBuildFile; fileRef = 0EBEF8FD1CF5B74600A70AD1 /* selectors.c */; };
/* End PBXBuildFile section */

/* Begin PBXCopyFilesBuildPhase section */
		0E84589B1CD9377400246CFD /* CopyFiles */ = {
			isa = PBXCopyFilesBuildPhase;
			buildActionMask = 2147483647;
			dstPath = /usr/share/man/man1/;
			dstSubfolderSpec = 0;
			files = (
			);
			runOnlyForDeploymentPostprocessing = 1;
		};
/* End PBXCopyFilesBuildPhase section */

/* Begin PBXFileReference section */
		0E068D2E1CDBC71F0062DC68 /* mystring.c */ = {isa = PBXFileReference; fileEncoding = 4; lastKnownFileType = sourcecode.c.c; path = mystring.c; sourceTree = "<group>"; };
		0E068D2F1CDBC71F0062DC68 /* mystring.h */ = {isa = PBXFileReference; fileEncoding = 4; lastKnownFileType = sourcecode.c.h; path = mystring.h; sourceTree = "<group>"; };
		0E13BA1D1CE4F32400D7FC06 /* convert.c */ = {isa = PBXFileReference; fileEncoding = 4; lastKnownFileType = sourcecode.c.c; path = convert.c; sourceTree = "<group>"; };
		0E13BA1E1CE4F32400D7FC06 /* convert.h */ = {isa = PBXFileReference; fileEncoding = 4; lastKnownFileType = sourcecode.c.h; path = convert.h; sourceTree = "<group>"; };
		0E84589D1CD9377400246CFD /* mycss */ = {isa = PBXFileReference; explicitFileType = "compiled.mach-o.executable"; includeInIndex = 0; path = mycss; sourceTree = BUILT_PRODUCTS_DIR; };
		0E8458A01CD9377400246CFD /* main.c */ = {isa = PBXFileReference; lastKnownFileType = sourcecode.c.c; path = main.c; sourceTree = "<group>"; };
		0E8458A81CD937C200246CFD /* check.c */ = {isa = PBXFileReference; fileEncoding = 4; lastKnownFileType = sourcecode.c.c; path = check.c; sourceTree = "<group>"; };
		0E8458A91CD937C200246CFD /* check.h */ = {isa = PBXFileReference; fileEncoding = 4; lastKnownFileType = sourcecode.c.h; path = check.h; sourceTree = "<group>"; };
		0E8458AA1CD937C200246CFD /* entry.c */ = {isa = PBXFileReference; fileEncoding = 4; lastKnownFileType = sourcecode.c.c; path = entry.c; sourceTree = "<group>"; };
		0E8458AB1CD937C200246CFD /* entry.h */ = {isa = PBXFileReference; fileEncoding = 4; lastKnownFileType = sourcecode.c.h; path = entry.h; sourceTree = "<group>"; };
		0E8458AD1CD937C200246CFD /* mycss.c */ = {isa = PBXFileReference; fileEncoding = 4; lastKnownFileType = sourcecode.c.c; path = mycss.c; sourceTree = "<group>"; };
		0E8458AE1CD937C200246CFD /* mycss.h */ = {isa = PBXFileReference; fileEncoding = 4; lastKnownFileType = sourcecode.c.h; path = mycss.h; sourceTree = "<group>"; };
		0E8458AF1CD937C200246CFD /* myosi.h */ = {isa = PBXFileReference; fileEncoding = 4; lastKnownFileType = sourcecode.c.h; path = myosi.h; sourceTree = "<group>"; };
		0E8458B01CD937C200246CFD /* parser.c */ = {isa = PBXFileReference; fileEncoding = 4; lastKnownFileType = sourcecode.c.c; path = parser.c; sourceTree = "<group>"; };
		0E8458B11CD937C200246CFD /* parser.h */ = {isa = PBXFileReference; fileEncoding = 4; lastKnownFileType = sourcecode.c.h; path = parser.h; sourceTree = "<group>"; };
		0E8458B21CD937C200246CFD /* tokenizer.c */ = {isa = PBXFileReference; fileEncoding = 4; lastKnownFileType = sourcecode.c.c; path = tokenizer.c; sourceTree = "<group>"; };
		0E8458B31CD937C200246CFD /* tokenizer.h */ = {isa = PBXFileReference; fileEncoding = 4; lastKnownFileType = sourcecode.c.h; path = tokenizer.h; sourceTree = "<group>"; };
		0E8458B41CD937C200246CFD /* tokenizer_end.c */ = {isa = PBXFileReference; fileEncoding = 4; lastKnownFileType = sourcecode.c.c; path = tokenizer_end.c; sourceTree = "<group>"; };
		0E8458B51CD937C200246CFD /* tokenizer_end.h */ = {isa = PBXFileReference; fileEncoding = 4; lastKnownFileType = sourcecode.c.h; path = tokenizer_end.h; sourceTree = "<group>"; };
		0E8458B61CD937C200246CFD /* tokenizer_global.c */ = {isa = PBXFileReference; fileEncoding = 4; lastKnownFileType = sourcecode.c.c; path = tokenizer_global.c; sourceTree = "<group>"; };
		0E8458B71CD937C200246CFD /* tokenizer_global.h */ = {isa = PBXFileReference; fileEncoding = 4; lastKnownFileType = sourcecode.c.h; path = tokenizer_global.h; sourceTree = "<group>"; };
		0E8458B81CD937C200246CFD /* tokenizer_resource.h */ = {isa = PBXFileReference; fileEncoding = 4; lastKnownFileType = sourcecode.c.h; path = tokenizer_resource.h; sourceTree = "<group>"; };
		0E8458C11CD93C2A00246CFD /* api.h */ = {isa = PBXFileReference; fileEncoding = 4; lastKnownFileType = sourcecode.c.h; path = api.h; sourceTree = "<group>"; };
		0EBEF8F61CF5B0F600A70AD1 /* parser.c */ = {isa = PBXFileReference; fileEncoding = 4; lastKnownFileType = sourcecode.c.c; path = parser.c; sourceTree = "<group>"; };
		0EBEF8F71CF5B0F600A70AD1 /* parser.h */ = {isa = PBXFileReference; fileEncoding = 4; lastKnownFileType = sourcecode.c.h; path = parser.h; sourceTree = "<group>"; };
		0EBEF8F91CF5B1D100A70AD1 /* state.c */ = {isa = PBXFileReference; fileEncoding = 4; lastKnownFileType = sourcecode.c.c; path = state.c; sourceTree = "<group>"; };
		0EBEF8FA1CF5B1D100A70AD1 /* state.h */ = {isa = PBXFileReference; fileEncoding = 4; lastKnownFileType = sourcecode.c.h; path = state.h; sourceTree = "<group>"; };
		0EBEF8FD1CF5B74600A70AD1 /* selectors.c */ = {isa = PBXFileReference; fileEncoding = 4; lastKnownFileType = sourcecode.c.c; path = selectors.c; sourceTree = "<group>"; };
		0EBEF8FE1CF5B74600A70AD1 /* selectors.h */ = {isa = PBXFileReference; fileEncoding = 4; lastKnownFileType = sourcecode.c.h; path = selectors.h; sourceTree = "<group>"; };
/* End PBXFileReference section */

/* Begin PBXFrameworksBuildPhase section */
		0E84589A1CD9377400246CFD /* Frameworks */ = {
			isa = PBXFrameworksBuildPhase;
			buildActionMask = 2147483647;
			files = (
			);
			runOnlyForDeploymentPostprocessing = 0;
		};
/* End PBXFrameworksBuildPhase section */

/* Begin PBXGroup section */
		0E8458941CD9377400246CFD = {
			isa = PBXGroup;
			children = (
				0E84589F1CD9377400246CFD /* main */,
				0E8458A71CD937C200246CFD /* mycss */,
				0E84589E1CD9377400246CFD /* Products */,
			);
			sourceTree = "<group>";
		};
		0E84589E1CD9377400246CFD /* Products */ = {
			isa = PBXGroup;
			children = (
				0E84589D1CD9377400246CFD /* mycss */,
			);
			name = Products;
			sourceTree = "<group>";
		};
		0E84589F1CD9377400246CFD /* main */ = {
			isa = PBXGroup;
			children = (
				0E8458A01CD9377400246CFD /* main.c */,
			);
			name = main;
			path = mycss;
			sourceTree = "<group>";
		};
		0E8458A71CD937C200246CFD /* mycss */ = {
			isa = PBXGroup;
			children = (
				0E8458C11CD93C2A00246CFD /* api.h */,
				0E8458AF1CD937C200246CFD /* myosi.h */,
				0E8458AE1CD937C200246CFD /* mycss.h */,
				0E8458AD1CD937C200246CFD /* mycss.c */,
				0E8458AB1CD937C200246CFD /* entry.h */,
				0E8458AA1CD937C200246CFD /* entry.c */,
				0E8458B11CD937C200246CFD /* parser.h */,
				0E8458B01CD937C200246CFD /* parser.c */,
				0E068D2F1CDBC71F0062DC68 /* mystring.h */,
				0E068D2E1CDBC71F0062DC68 /* mystring.c */,
				0E8458B31CD937C200246CFD /* tokenizer.h */,
				0E8458B21CD937C200246CFD /* tokenizer.c */,
				0E8458B51CD937C200246CFD /* tokenizer_end.h */,
				0E8458B41CD937C200246CFD /* tokenizer_end.c */,
				0E8458B71CD937C200246CFD /* tokenizer_global.h */,
				0E8458B61CD937C200246CFD /* tokenizer_global.c */,
				0E8458B81CD937C200246CFD /* tokenizer_resource.h */,
				0E8458A91CD937C200246CFD /* check.h */,
				0E8458A81CD937C200246CFD /* check.c */,
				0E13BA1E1CE4F32400D7FC06 /* convert.h */,
				0E13BA1D1CE4F32400D7FC06 /* convert.c */,
				0EBEF8FE1CF5B74600A70AD1 /* selectors.h */,
				0EBEF8FD1CF5B74600A70AD1 /* selectors.c */,
				0EBEF8F51CF5B0A300A70AD1 /* selectors */,
			);
			name = mycss;
			path = ../../source/mycss;
			sourceTree = "<group>";
		};
		0EBEF8F51CF5B0A300A70AD1 /* selectors */ = {
			isa = PBXGroup;
			children = (
				0EBEF8F71CF5B0F600A70AD1 /* parser.h */,
				0EBEF8F61CF5B0F600A70AD1 /* parser.c */,
				0EBEF8FA1CF5B1D100A70AD1 /* state.h */,
				0EBEF8F91CF5B1D100A70AD1 /* state.c */,
			);
			path = selectors;
			sourceTree = "<group>";
		};
/* End PBXGroup section */

/* Begin PBXNativeTarget section */
		0E84589C1CD9377400246CFD /* mycss */ = {
			isa = PBXNativeTarget;
			buildConfigurationList = 0E8458A41CD9377400246CFD /* Build configuration list for PBXNativeTarget "mycss" */;
			buildPhases = (
				0E8458991CD9377400246CFD /* Sources */,
				0E84589A1CD9377400246CFD /* Frameworks */,
				0E84589B1CD9377400246CFD /* CopyFiles */,
			);
			buildRules = (
			);
			dependencies = (
			);
			name = mycss;
			productName = mycss;
			productReference = 0E84589D1CD9377400246CFD /* mycss */;
			productType = "com.apple.product-type.tool";
		};
/* End PBXNativeTarget section */

/* Begin PBXProject section */
		0E8458951CD9377400246CFD /* Project object */ = {
			isa = PBXProject;
			attributes = {
				LastUpgradeCheck = 0730;
				ORGANIZATIONNAME = "Alexander Borisov";
				TargetAttributes = {
					0E84589C1CD9377400246CFD = {
						CreatedOnToolsVersion = 7.3;
					};
				};
			};
			buildConfigurationList = 0E8458981CD9377400246CFD /* Build configuration list for PBXProject "mycss" */;
			compatibilityVersion = "Xcode 3.2";
			developmentRegion = English;
			hasScannedForEncodings = 0;
			knownRegions = (
				en,
			);
			mainGroup = 0E8458941CD9377400246CFD;
			productRefGroup = 0E84589E1CD9377400246CFD /* Products */;
			projectDirPath = "";
			projectRoot = "";
			targets = (
				0E84589C1CD9377400246CFD /* mycss */,
			);
		};
/* End PBXProject section */

/* Begin PBXSourcesBuildPhase section */
		0E8458991CD9377400246CFD /* Sources */ = {
			isa = PBXSourcesBuildPhase;
			buildActionMask = 2147483647;
			files = (
				0E8458BA1CD937C200246CFD /* entry.c in Sources */,
				0E8458BF1CD937C200246CFD /* tokenizer_end.c in Sources */,
				0EBEF8F81CF5B0F600A70AD1 /* parser.c in Sources */,
				0E8458B91CD937C200246CFD /* check.c in Sources */,
				0E8458BC1CD937C200246CFD /* mycss.c in Sources */,
				0E068D301CDBC71F0062DC68 /* mystring.c in Sources */,
				0E8458BE1CD937C200246CFD /* tokenizer.c in Sources */,
				0E8458BD1CD937C200246CFD /* parser.c in Sources */,
				0EBEF8FF1CF5B74600A70AD1 /* selectors.c in Sources */,
				0E13BA1F1CE4F32400D7FC06 /* convert.c in Sources */,
				0EBEF8FB1CF5B1D100A70AD1 /* state.c in Sources */,
				0E8458C01CD937C200246CFD /* tokenizer_global.c in Sources */,
				0E8458A11CD9377400246CFD /* main.c in Sources */,
			);
			runOnlyForDeploymentPostprocessing = 0;
		};
/* End PBXSourcesBuildPhase section */

/* Begin XCBuildConfiguration section */
		0E8458A21CD9377400246CFD /* Debug */ = {
			isa = XCBuildConfiguration;
			buildSettings = {
				ALWAYS_SEARCH_USER_PATHS = NO;
				CLANG_ANALYZER_NONNULL = YES;
				CLANG_CXX_LANGUAGE_STANDARD = "gnu++0x";
				CLANG_CXX_LIBRARY = "libc++";
				CLANG_ENABLE_MODULES = YES;
				CLANG_ENABLE_OBJC_ARC = YES;
				CLANG_WARN_BOOL_CONVERSION = YES;
				CLANG_WARN_CONSTANT_CONVERSION = YES;
				CLANG_WARN_DIRECT_OBJC_ISA_USAGE = YES_ERROR;
				CLANG_WARN_EMPTY_BODY = YES;
				CLANG_WARN_ENUM_CONVERSION = YES;
				CLANG_WARN_INT_CONVERSION = YES;
				CLANG_WARN_OBJC_ROOT_CLASS = YES_ERROR;
				CLANG_WARN_UNREACHABLE_CODE = YES;
				CLANG_WARN__DUPLICATE_METHOD_MATCH = YES;
				CODE_SIGN_IDENTITY = "-";
				COPY_PHASE_STRIP = NO;
				DEBUG_INFORMATION_FORMAT = dwarf;
				ENABLE_STRICT_OBJC_MSGSEND = YES;
				ENABLE_TESTABILITY = YES;
				GCC_C_LANGUAGE_STANDARD = gnu99;
				GCC_DYNAMIC_NO_PIC = NO;
				GCC_NO_COMMON_BLOCKS = YES;
				GCC_OPTIMIZATION_LEVEL = 0;
				GCC_PREPROCESSOR_DEFINITIONS = (
					"DEBUG=1",
					"$(inherited)",
				);
				GCC_WARN_64_TO_32_BIT_CONVERSION = YES;
				GCC_WARN_ABOUT_RETURN_TYPE = YES_ERROR;
				GCC_WARN_UNDECLARED_SELECTOR = YES;
				GCC_WARN_UNINITIALIZED_AUTOS = YES_AGGRESSIVE;
				GCC_WARN_UNUSED_FUNCTION = YES;
				GCC_WARN_UNUSED_VARIABLE = YES;
				MACOSX_DEPLOYMENT_TARGET = 10.11;
				MTL_ENABLE_DEBUG_INFO = YES;
				ONLY_ACTIVE_ARCH = YES;
				SDKROOT = macosx;
			};
			name = Debug;
		};
		0E8458A31CD9377400246CFD /* Release */ = {
			isa = XCBuildConfiguration;
			buildSettings = {
				ALWAYS_SEARCH_USER_PATHS = NO;
				CLANG_ANALYZER_NONNULL = YES;
				CLANG_CXX_LANGUAGE_STANDARD = "gnu++0x";
				CLANG_CXX_LIBRARY = "libc++";
				CLANG_ENABLE_MODULES = YES;
				CLANG_ENABLE_OBJC_ARC = YES;
				CLANG_WARN_BOOL_CONVERSION = YES;
				CLANG_WARN_CONSTANT_CONVERSION = YES;
				CLANG_WARN_DIRECT_OBJC_ISA_USAGE = YES_ERROR;
				CLANG_WARN_EMPTY_BODY = YES;
				CLANG_WARN_ENUM_CONVERSION = YES;
				CLANG_WARN_INT_CONVERSION = YES;
				CLANG_WARN_OBJC_ROOT_CLASS = YES_ERROR;
				CLANG_WARN_UNREACHABLE_CODE = YES;
				CLANG_WARN__DUPLICATE_METHOD_MATCH = YES;
				CODE_SIGN_IDENTITY = "-";
				COPY_PHASE_STRIP = NO;
				DEBUG_INFORMATION_FORMAT = "dwarf-with-dsym";
				ENABLE_NS_ASSERTIONS = NO;
				ENABLE_STRICT_OBJC_MSGSEND = YES;
				GCC_C_LANGUAGE_STANDARD = gnu99;
				GCC_NO_COMMON_BLOCKS = YES;
				GCC_WARN_64_TO_32_BIT_CONVERSION = YES;
				GCC_WARN_ABOUT_RETURN_TYPE = YES_ERROR;
				GCC_WARN_UNDECLARED_SELECTOR = YES;
				GCC_WARN_UNINITIALIZED_AUTOS = YES_AGGRESSIVE;
				GCC_WARN_UNUSED_FUNCTION = YES;
				GCC_WARN_UNUSED_VARIABLE = YES;
				MACOSX_DEPLOYMENT_TARGET = 10.11;
				MTL_ENABLE_DEBUG_INFO = NO;
				SDKROOT = macosx;
			};
			name = Release;
		};
		0E8458A51CD9377400246CFD /* Debug */ = {
			isa = XCBuildConfiguration;
			buildSettings = {
				GCC_OPTIMIZATION_LEVEL = 0;
				HEADER_SEARCH_PATHS = (
					../../source,
					../../../myhtml/source,
				);
				LIBRARY_SEARCH_PATHS = /usr/local/lib;
				OTHER_LDFLAGS = "-lmyhtml";
				PRODUCT_NAME = "$(TARGET_NAME)";
			};
			name = Debug;
		};
		0E8458A61CD9377400246CFD /* Release */ = {
			isa = XCBuildConfiguration;
			buildSettings = {
				HEADER_SEARCH_PATHS = (
					../../source,
					../../../myhtml/source,
				);
				LIBRARY_SEARCH_PATHS = /usr/local/lib;
				OTHER_LDFLAGS = "-lmyhtml";
				PRODUCT_NAME = "$(TARGET_NAME)";
			};
			name = Release;
		};
/* End XCBuildConfiguration section */

/* Begin XCConfigurationList section */
		0E8458981CD9377400246CFD /* Build configuration list for PBXProject "mycss" */ = {
			isa = XCConfigurationList;
			buildConfigurations = (
				0E8458A21CD9377400246CFD /* Debug */,
				0E8458A31CD9377400246CFD /* Release */,
			);
			defaultConfigurationIsVisible = 0;
			defaultConfigurationName = Release;
		};
		0E8458A41CD9377400246CFD /* Build configuration list for PBXNativeTarget "mycss" */ = {
			isa = XCConfigurationList;
			buildConfigurations = (
				0E8458A51CD9377400246CFD /* Debug */,
				0E8458A61CD9377400246CFD /* Release */,
			);
			defaultConfigurationIsVisible = 0;
			defaultConfigurationName = Release;
		};
/* End XCConfigurationList section */
	};
	rootObject = 0E8458951CD9377400246CFD /* Project object */;
}
